
Microsoft Visual Studio Solution File, Format Version 12.00
# Visual Studio Version 17
VisualStudioVersion = 17.9.34728.123
MinimumVisualStudioVersion = 10.0.40219.1
Project("{8BC9CEB8-8B4A-11D0-8D11-00A0C91BC942}") = "SDLP1", "SDLP1\SDLP1.vcxproj", "{565A758E-8E30-42DF-8046-8B41B9294552}"
EndProject
Global
	GlobalSection(SolutionConfigurationPlatforms) = preSolution
		Debug|x64 = Debug|x64
		Debug|x86 = Debug|x86
		Release|x64 = Release|x64
		Release|x86 = Release|x86
	EndGlobalSection
	GlobalSection(ProjectConfigurationPlatforms) = postSolution
		{565A758E-8E30-42DF-8046-8B41B9294552}.Debug|x64.ActiveCfg = Release|x64
		{565A758E-8E30-42DF-8046-8B41B9294552}.Debug|x64.Build.0 = Release|x64
		{565A758E-8E30-42DF-8046-8B41B9294552}.Debug|x86.ActiveCfg = Debug|Win32
		{565A758E-8E30-42DF-8046-8B41B9294552}.Debug|x86.Build.0 = Debug|Win32
		{565A758E-8E30-42DF-8046-8B41B9294552}.Release|x64.ActiveCfg = Debug|x64
		{565A758E-8E30-42DF-8046-8B41B9294552}.Release|x64.Build.0 = Debug|x64
		{565A758E-8E30-42DF-8046-8B41B9294552}.Release|x86.ActiveCfg = Release|Win32
		{565A758E-8E30-42DF-8046-8B41B9294552}.Release|x86.Build.0 = Release|Win32
	EndGlobalSection
	GlobalSection(SolutionProperties) = preSolution
		HideSolutionNode = FALSE
	EndGlobalSection
	GlobalSection(ExtensibilityGlobals) = postSolution
		SolutionGuid = {06BAD1AE-53CC-451F-B0F3-71DDA4D6CD87}
	EndGlobalSection
EndGlobal
